
Microsoft Visual Studio Solution File, Format Version 12.00
# Visual Studio Version 16
VisualStudioVersion = 16.0.30503.244
MinimumVisualStudioVersion = 10.0.40219.1
Project("{FAE04EC0-301F-11D3-BF4B-00C04F79EFBC}") = "MoodAnalyzerProblem", "MoodAnalyzerProblem\MoodAnalyzerProblem.csproj", "{9883DD9D-B891-4535-AD12-E91134A4B5C7}"
EndProject
Project("{FAE04EC0-301F-11D3-BF4B-00C04F79EFBC}") = "MSTestMoodAnalyzer", "MSTestMoodAnalyzer\MSTestMoodAnalyzer.csproj", "{D5C09743-6F6C-48CF-ADA7-4211B80FDAA9}"
EndProject
Global
	GlobalSection(SolutionConfigurationPlatforms) = preSolution
		Debug|Any CPU = Debug|Any CPU
		Release|Any CPU = Release|Any CPU
	EndGlobalSection
	GlobalSection(ProjectConfigurationPlatforms) = postSolution
		{9883DD9D-B891-4535-AD12-E91134A4B5C7}.Debug|Any CPU.ActiveCfg = Debug|Any CPU
		{9883DD9D-B891-4535-AD12-E91134A4B5C7}.Debug|Any CPU.Build.0 = Debug|Any CPU
		{9883DD9D-B891-4535-AD12-E91134A4B5C7}.Release|Any CPU.ActiveCfg = Release|Any CPU
		{9883DD9D-B891-4535-AD12-E91134A4B5C7}.Release|Any CPU.Build.0 = Release|Any CPU
		{D5C09743-6F6C-48CF-ADA7-4211B80FDAA9}.Debug|Any CPU.ActiveCfg = Debug|Any CPU
		{D5C09743-6F6C-48CF-ADA7-4211B80FDAA9}.Debug|Any CPU.Build.0 = Debug|Any CPU
		{D5C09743-6F6C-48CF-ADA7-4211B80FDAA9}.Release|Any CPU.ActiveCfg = Release|Any CPU
		{D5C09743-6F6C-48CF-ADA7-4211B80FDAA9}.Release|Any CPU.Build.0 = Release|Any CPU
	EndGlobalSection
	GlobalSection(SolutionProperties) = preSolution
		HideSolutionNode = FALSE
	EndGlobalSection
	GlobalSection(ExtensibilityGlobals) = postSolution
		SolutionGuid = {36D39FD1-6E8E-42E4-ADF5-89968A5F4E6A}
	EndGlobalSection
EndGlobal
